schema: '2.0'
stages:
  data_ingestion:
    cmd: python src/data_ingestion.py
    deps:
    - path: src/data_ingestion.py
      hash: md5
      md5: 81b5993eb5a005c8b4dc0d737d1f5e98
      size: 3391
    params:
      params.yaml:
        data_ingestion.test_size: 0.2
    outs:
    - path: data/raw
      hash: md5
      md5: 1710314c4c6abd656387bde04d250ced.dir
      size: 504947
      nfiles: 2
  data_preprocessing:
    cmd: python src/data_preprocessing.py
    deps:
    - path: data/raw
      hash: md5
      md5: 1710314c4c6abd656387bde04d250ced.dir
      size: 504947
      nfiles: 2
    - path: src/data_preprocessing.py
      hash: md5
      md5: 26bcab2ea65e84b4d33b9fca4dc0bcce
      size: 3105
    outs:
    - path: data/interim
      hash: md5
      md5: 87039c191cff4c03ebd272f152687a09.dir
      size: 279046
      nfiles: 2
  feature_engineering:
    cmd: python src/feature_eng.py
    deps:
    - path: data/interim
      hash: md5
      md5: 87039c191cff4c03ebd272f152687a09.dir
      size: 279046
      nfiles: 2
    - path: src/feature_eng.py
      hash: md5
      md5: 07cc92624f38b157030be0e93e4b98fd
      size: 3662
    params:
      params.yaml:
        feature_engineering.max_features: 35
    outs:
    - path: data/processed
      hash: md5
      md5: a8c07e8093dadb60b7a4d952b7a27628.dir
      size: 834750
      nfiles: 2
  model_building:
    cmd: python src/model_building.py
    deps:
    - path: data/processed
      hash: md5
      md5: a8c07e8093dadb60b7a4d952b7a27628.dir
      size: 834750
      nfiles: 2
    - path: src/model_building.py
      hash: md5
      md5: fd7231fe43ba2df6da546de0f22dfebd
      size: 3805
    params:
      params.yaml:
        model_building.n_estimators: 20
        model_building.random_state: 2
    outs:
    - path: models/models.pkl
      hash: md5
      md5: 3eac473fba896998b2f6cabe803a701e
      size: 649284
  model_evaluation:
    cmd: python src/model_evaluation.py
    deps:
    - path: models/models.pkl
      hash: md5
      md5: 3eac473fba896998b2f6cabe803a701e
      size: 649284
    - path: src/model_evaluation.py
      hash: md5
      md5: 8fa9c2b0a7f930f88cda1f4fe504dff2
      size: 4253
    outs:
    - path: reports/metrics.json
      hash: md5
      md5: 1f2b631503f17920cbaf2097ded5f6c3
      size: 132
